// !$*UTF8*$!
{
	archiveVersion = 1;
	classes = {
	};
	objectVersion = 50;
	objects = {

/* Begin PBXBuildFile section */
		3547F839BDBAC4702DD9979F /* libPods-JerseyCoffee.a in Frameworks */ = {isa = PBXBuildFile; fileRef = A40335F599FD0E1C7292803F /* libPods-JerseyCoffee.a */; };
		5501256D22E7F2D400835DE4 /* JSDMaterialCell.m in Sources */ = {isa = PBXBuildFile; fileRef = 5501256B22E7F2D400835DE4 /* JSDMaterialCell.m */; };
		5501257122E7F9F400835DE4 /* JSDMaterialTextView.m in Sources */ = {isa = PBXBuildFile; fileRef = 5501257022E7F9F400835DE4 /* JSDMaterialTextView.m */; };
		5501257322E7F9FE00835DE4 /* JSDMaterialTextView.xib in Resources */ = {isa = PBXBuildFile; fileRef = 5501257222E7F9FE00835DE4 /* JSDMaterialTextView.xib */; };
		5534DCA022EF01AF006E8ABB /* JSDAddEditMaterialVC.m in Sources */ = {isa = PBXBuildFile; fileRef = 5534DC9E22EF01AF006E8ABB /* JSDAddEditMaterialVC.m */; };
		5534DCA122EF01AF006E8ABB /* JSDAddEditMaterialVC.xib in Resources */ = {isa = PBXBuildFile; fileRef = 5534DC9F22EF01AF006E8ABB /* JSDAddEditMaterialVC.xib */; };
		5534DCA622F00188006E8ABB /* JSDAddEditKitVC.m in Sources */ = {isa = PBXBuildFile; fileRef = 5534DCA422F00188006E8ABB /* JSDAddEditKitVC.m */; };
		5534DCA722F00188006E8ABB /* JSDAddEditKitVC.xib in Resources */ = {isa = PBXBuildFile; fileRef = 5534DCA522F00188006E8ABB /* JSDAddEditKitVC.xib */; };
		5534DCAD22F03621006E8ABB /* selected_photo.png in Resources */ = {isa = PBXBuildFile; fileRef = 5534DCAC22F0361F006E8ABB /* selected_photo.png */; };
		5534DCB322F03844006E8ABB /* AddItem.png in Resources */ = {isa = PBXBuildFile; fileRef = 5534DCB222F03844006E8ABB /* AddItem.png */; };
		5542BA8222E5BE0000ADCCAC /* AppDelegate.m in Sources */ = {isa = PBXBuildFile; fileRef = 5542BA8122E5BE0000ADCCAC /* AppDelegate.m */; };
		5542BA8A22E5BE0100ADCCAC /* Assets.xcassets in Resources */ = {isa = PBXBuildFile; fileRef = 5542BA8922E5BE0100ADCCAC /* Assets.xcassets */; };
		5542BA8D22E5BE0100ADCCAC /* LaunchScreen.storyboard in Resources */ = {isa = PBXBuildFile; fileRef = 5542BA8B22E5BE0100ADCCAC /* LaunchScreen.storyboard */; };
		5542BA9022E5BE0100ADCCAC /* main.m in Sources */ = {isa = PBXBuildFile; fileRef = 5542BA8F22E5BE0100ADCCAC /* main.m */; };
		556D4DA822E94A6500E3DBB2 /* JSDMaterialCell.xib in Resources */ = {isa = PBXBuildFile; fileRef = 556D4DA722E94A6500E3DBB2 /* JSDMaterialCell.xib */; };
		556D4E0922EAA18C00E3DBB2 /* JSDShowNumberView.m in Sources */ = {isa = PBXBuildFile; fileRef = 556D4E0822EAA18C00E3DBB2 /* JSDShowNumberView.m */; };
		556D4E0F22EAC64300E3DBB2 /* macchiato_coffee.png in Resources */ = {isa = PBXBuildFile; fileRef = 556D4E0A22EAC64300E3DBB2 /* macchiato_coffee.png */; };
		556D4E1022EAC64300E3DBB2 /* mocha_coffee.png in Resources */ = {isa = PBXBuildFile; fileRef = 556D4E0B22EAC64300E3DBB2 /* mocha_coffee.png */; };
		556D4E1122EAC64300E3DBB2 /* cappuccino_coffee.png in Resources */ = {isa = PBXBuildFile; fileRef = 556D4E0C22EAC64300E3DBB2 /* cappuccino_coffee.png */; };
		556D4E1222EAC64300E3DBB2 /* latte_coffee.png in Resources */ = {isa = PBXBuildFile; fileRef = 556D4E0D22EAC64300E3DBB2 /* latte_coffee.png */; };
		556D4E1322EAC64300E3DBB2 /* americano_coffee.png in Resources */ = {isa = PBXBuildFile; fileRef = 556D4E0E22EAC64300E3DBB2 /* americano_coffee.png */; };
		556D4E1822EAD00700E3DBB2 /* dand.png in Resources */ = {isa = PBXBuildFile; fileRef = 556D4E1522EAD00700E3DBB2 /* dand.png */; };
		556D4E1922EAD00700E3DBB2 /* siphon.png in Resources */ = {isa = PBXBuildFile; fileRef = 556D4E1622EAD00700E3DBB2 /* siphon.png */; };
		556D4E1A22EAD00700E3DBB2 /* frenchpress.png in Resources */ = {isa = PBXBuildFile; fileRef = 556D4E1722EAD00700E3DBB2 /* frenchpress.png */; };
		556D4E1F22EADA1500E3DBB2 /* JSDFeedBacksVC.m in Sources */ = {isa = PBXBuildFile; fileRef = 556D4E1D22EADA1500E3DBB2 /* JSDFeedBacksVC.m */; };
		556D4E2022EADA1500E3DBB2 /* JSDFeedBacksVC.xib in Resources */ = {isa = PBXBuildFile; fileRef = 556D4E1E22EADA1500E3DBB2 /* JSDFeedBacksVC.xib */; };
		556D4E2422EADDD500E3DBB2 /* JSDAboutUSVC.m in Sources */ = {isa = PBXBuildFile; fileRef = 556D4E2322EADDD500E3DBB2 /* JSDAboutUSVC.m */; };
		556D4E2722EADF6400E3DBB2 /* JSDAbountViewModel.m in Sources */ = {isa = PBXBuildFile; fileRef = 556D4E2622EADF6400E3DBB2 /* JSDAbountViewModel.m */; };
		556D4E2B22EAE48800E3DBB2 /* JSDKitTypeStepVC.m in Sources */ = {isa = PBXBuildFile; fileRef = 556D4E2922EAE48800E3DBB2 /* JSDKitTypeStepVC.m */; };
		556D4E2C22EAE48800E3DBB2 /* JSDKitTypeStepVC.xib in Resources */ = {isa = PBXBuildFile; fileRef = 556D4E2A22EAE48800E3DBB2 /* JSDKitTypeStepVC.xib */; };
		55BE3C8522E6AFAE00D28107 /* UIColor+JSDStyle.m in Sources */ = {isa = PBXBuildFile; fileRef = 55BE3C8422E6AFAE00D28107 /* UIColor+JSDStyle.m */; };
		55BE3C8822E6B21A00D28107 /* JSDBaseViewController.m in Sources */ = {isa = PBXBuildFile; fileRef = 55BE3C8722E6B21A00D28107 /* JSDBaseViewController.m */; };
		55BE3C8B22E6B23000D28107 /* JSDCollectionViewController.m in Sources */ = {isa = PBXBuildFile; fileRef = 55BE3C8A22E6B23000D28107 /* JSDCollectionViewController.m */; };
		55BE3C8E22E6B33900D28107 /* JSDBaseNavigationController.m in Sources */ = {isa = PBXBuildFile; fileRef = 55BE3C8D22E6B33900D28107 /* JSDBaseNavigationController.m */; };
		55BE3CA122E6B5C300D28107 /* JSDBaseView.m in Sources */ = {isa = PBXBuildFile; fileRef = 55BE3CA022E6B5C300D28107 /* JSDBaseView.m */; };
		55BE3CA422E6B5CD00D28107 /* JSDBaseModel.m in Sources */ = {isa = PBXBuildFile; fileRef = 55BE3CA322E6B5CD00D28107 /* JSDBaseModel.m */; };
		55BE3CA722E6B5FF00D28107 /* JSDMyCenterVC.m in Sources */ = {isa = PBXBuildFile; fileRef = 55BE3CA622E6B5FF00D28107 /* JSDMyCenterVC.m */; };
		55BE3CBA22E6B75F00D28107 /* JSDKitTypeVC.m in Sources */ = {isa = PBXBuildFile; fileRef = 55BE3CB922E6B75F00D28107 /* JSDKitTypeVC.m */; };
		55BE3CBD22E6B77000D28107 /* JSDMaterialVC.m in Sources */ = {isa = PBXBuildFile; fileRef = 55BE3CBC22E6B77000D28107 /* JSDMaterialVC.m */; };
		55BE3CC022E6B77F00D28107 /* JSDCoffeeVC.m in Sources */ = {isa = PBXBuildFile; fileRef = 55BE3CBF22E6B77F00D28107 /* JSDCoffeeVC.m */; };
		55BE3CC422E6B7C800D28107 /* JSDTabBarViewController.m in Sources */ = {isa = PBXBuildFile; fileRef = 55BE3CC322E6B7C800D28107 /* JSDTabBarViewController.m */; };
		55BE3CC822E6E16500D28107 /* JSDCoffeeCollectionViewCell.m in Sources */ = {isa = PBXBuildFile; fileRef = 55BE3CC622E6E16500D28107 /* JSDCoffeeCollectionViewCell.m */; };
		55BE3CC922E6E16500D28107 /* JSDCoffeeCollectionViewCell.xib in Resources */ = {isa = PBXBuildFile; fileRef = 55BE3CC722E6E16500D28107 /* JSDCoffeeCollectionViewCell.xib */; };
		55C2042722E9B05600F193E6 /* JSDCoffeeDetailVC.m in Sources */ = {isa = PBXBuildFile; fileRef = 55C2042522E9B05600F193E6 /* JSDCoffeeDetailVC.m */; };
		55C2042822E9B05600F193E6 /* JSDCoffeeDetailVC.xib in Resources */ = {isa = PBXBuildFile; fileRef = 55C2042622E9B05600F193E6 /* JSDCoffeeDetailVC.xib */; };
		55C2042C22E9B07F00F193E6 /* JSDMaterialDetailVC.m in Sources */ = {isa = PBXBuildFile; fileRef = 55C2042A22E9B07F00F193E6 /* JSDMaterialDetailVC.m */; };
		55C2042D22E9B07F00F193E6 /* JSDMaterialDetailVC.xib in Resources */ = {isa = PBXBuildFile; fileRef = 55C2042B22E9B07F00F193E6 /* JSDMaterialDetailVC.xib */; };
		55E952D322E951A5008BADB5 /* JSDKitTypeViewCell.m in Sources */ = {isa = PBXBuildFile; fileRef = 55E952D122E951A5008BADB5 /* JSDKitTypeViewCell.m */; };
		55E952D422E951A5008BADB5 /* JSDKitTypeViewCell.xib in Resources */ = {isa = PBXBuildFile; fileRef = 55E952D222E951A5008BADB5 /* JSDKitTypeViewCell.xib */; };
		55E952D722E958D8008BADB5 /* UIFont+JSDStyle.m in Sources */ = {isa = PBXBuildFile; fileRef = 55E952D622E958D8008BADB5 /* UIFont+JSDStyle.m */; };
		55E952DA22E95D10008BADB5 /* JSDCoffeeViewModel.m in Sources */ = {isa = PBXBuildFile; fileRef = 55E952D922E95D10008BADB5 /* JSDCoffeeViewModel.m */; };
		55E952DC22E95FAE008BADB5 /* coffeeData.json in Resources */ = {isa = PBXBuildFile; fileRef = 55E952DB22E95FAE008BADB5 /* coffeeData.json */; };
		55E952DF22E98474008BADB5 /* JSDKitTypeViewModel.m in Sources */ = {isa = PBXBuildFile; fileRef = 55E952DE22E98474008BADB5 /* JSDKitTypeViewModel.m */; };
		55E952E122E984AC008BADB5 /* kitTypeData.json in Resources */ = {isa = PBXBuildFile; fileRef = 55E952E022E984AC008BADB5 /* kitTypeData.json */; };
		55E952E422E98E4D008BADB5 /* JSDMaterialViewModel.m in Sources */ = {isa = PBXBuildFile; fileRef = 55E952E322E98E4D008BADB5 /* JSDMaterialViewModel.m */; };
		55E952E622E98F56008BADB5 /* MaterialData.json in Resources */ = {isa = PBXBuildFile; fileRef = 55E952E522E98F56008BADB5 /* MaterialData.json */; };
		601E98C522E9EA85008CBE2B /* JSDCollectionViewCell.xib in Resources */ = {isa = PBXBuildFile; fileRef = 601E98C222E9EA85008CBE2B /* JSDCollectionViewCell.xib */; };
		601E98C622E9EA85008CBE2B /* JSDCollectionViewCell.m in Sources */ = {isa = PBXBuildFile; fileRef = 601E98C422E9EA85008CBE2B /* JSDCollectionViewCell.m */; };
		601E98C922E9EA8E008CBE2B /* JSDMyCenterViewModel.m in Sources */ = {isa = PBXBuildFile; fileRef = 601E98C722E9EA8E008CBE2B /* JSDMyCenterViewModel.m */; };
		601E98CD22E9F282008CBE2B /* JSDCoffeeHistoryVC.m in Sources */ = {isa = PBXBuildFile; fileRef = 601E98CB22E9F282008CBE2B /* JSDCoffeeHistoryVC.m */; };
		601E98CE22E9F282008CBE2B /* JSDCoffeeHistoryVC.xib in Resources */ = {isa = PBXBuildFile; fileRef = 601E98CC22E9F282008CBE2B /* JSDCoffeeHistoryVC.xib */; };
		601E98D722EC23F5008CBE2B /* JSDAddCoffeeItemVC.m in Sources */ = {isa = PBXBuildFile; fileRef = 601E98D522EC23F5008CBE2B /* JSDAddCoffeeItemVC.m */; };
		601E98D822EC23F5008CBE2B /* JSDAddCoffeeItemVC.xib in Resources */ = {isa = PBXBuildFile; fileRef = 601E98D622EC23F5008CBE2B /* JSDAddCoffeeItemVC.xib */; };
		601E98DB22EC4540008CBE2B /* JSDSelectedNumberView.m in Sources */ = {isa = PBXBuildFile; fileRef = 601E98DA22EC4540008CBE2B /* JSDSelectedNumberView.m */; };
		601E98DE22EC4D82008CBE2B /* JSDPhotoManage.m in Sources */ = {isa = PBXBuildFile; fileRef = 601E98DD22EC4D82008CBE2B /* JSDPhotoManage.m */; };
/* End PBXBuildFile section */

/* Begin PBXFileReference section */
		2741154BE751079261D2B9F7 /* Pods-JerseyCoffee.release.xcconfig */ = {isa = PBXFileReference; includeInIndex = 1; lastKnownFileType = text.xcconfig; name = "Pods-JerseyCoffee.release.xcconfig"; path = "Target Support Files/Pods-JerseyCoffee/Pods-JerseyCoffee.release.xcconfig"; sourceTree = "<group>"; };
		5501256A22E7F2D400835DE4 /* JSDMaterialCell.h */ = {isa = PBXFileReference; lastKnownFileType = sourcecode.c.h; path = JSDMaterialCell.h; sourceTree = "<group>"; };
		5501256B22E7F2D400835DE4 /* JSDMaterialCell.m */ = {isa = PBXFileReference; lastKnownFileType = sourcecode.c.objc; path = JSDMaterialCell.m; sourceTree = "<group>"; };
		5501256F22E7F9F400835DE4 /* JSDMaterialTextView.h */ = {isa = PBXFileReference; lastKnownFileType = sourcecode.c.h; path = JSDMaterialTextView.h; sourceTree = "<group>"; };
		5501257022E7F9F400835DE4 /* JSDMaterialTextView.m */ = {isa = PBXFileReference; lastKnownFileType = sourcecode.c.objc; path = JSDMaterialTextView.m; sourceTree = "<group>"; };
		5501257222E7F9FE00835DE4 /* JSDMaterialTextView.xib */ = {isa = PBXFileReference; lastKnownFileType = file.xib; path = JSDMaterialTextView.xib; sourceTree = "<group>"; };
		5534DC9D22EF01AF006E8ABB /* JSDAddEditMaterialVC.h */ = {isa = PBXFileReference; lastKnownFileType = sourcecode.c.h; path = JSDAddEditMaterialVC.h; sourceTree = "<group>"; };
		5534DC9E22EF01AF006E8ABB /* JSDAddEditMaterialVC.m */ = {isa = PBXFileReference; lastKnownFileType = sourcecode.c.objc; path = JSDAddEditMaterialVC.m; sourceTree = "<group>"; };
		5534DC9F22EF01AF006E8ABB /* JSDAddEditMaterialVC.xib */ = {isa = PBXFileReference; lastKnownFileType = file.xib; path = JSDAddEditMaterialVC.xib; sourceTree = "<group>"; };
		5534DCA322F00188006E8ABB /* JSDAddEditKitVC.h */ = {isa = PBXFileReference; lastKnownFileType = sourcecode.c.h; path = JSDAddEditKitVC.h; sourceTree = "<group>"; };
		5534DCA422F00188006E8ABB /* JSDAddEditKitVC.m */ = {isa = PBXFileReference; lastKnownFileType = sourcecode.c.objc; path = JSDAddEditKitVC.m; sourceTree = "<group>"; };
		5534DCA522F00188006E8ABB /* JSDAddEditKitVC.xib */ = {isa = PBXFileReference; lastKnownFileType = file.xib; path = JSDAddEditKitVC.xib; sourceTree = "<group>"; };
		5534DCAC22F0361F006E8ABB /* selected_photo.png */ = {isa = PBXFileReference; lastKnownFileType = image.png; path = selected_photo.png; sourceTree = "<group>"; };
		5534DCB222F03844006E8ABB /* AddItem.png */ = {isa = PBXFileReference; lastKnownFileType = image.png; path = AddItem.png; sourceTree = "<group>"; };
		5542BA7D22E5BE0000ADCCAC /* JerseyCoffee.app */ = {isa = PBXFileReference; explicitFileType = wrapper.application; includeInIndex = 0; path = JerseyCoffee.app; sourceTree = BUILT_PRODUCTS_DIR; };
		5542BA8022E5BE0000ADCCAC /* AppDelegate.h */ = {isa = PBXFileReference; lastKnownFileType = sourcecode.c.h; path = AppDelegate.h; sourceTree = "<group>"; };
		5542BA8122E5BE0000ADCCAC /* AppDelegate.m */ = {isa = PBXFileReference; lastKnownFileType = sourcecode.c.objc; path = AppDelegate.m; sourceTree = "<group>"; };
		5542BA8922E5BE0100ADCCAC /* Assets.xcassets */ = {isa = PBXFileReference; lastKnownFileType = folder.assetcatalog; path = Assets.xcassets; sourceTree = "<group>"; };
		5542BA8C22E5BE0100ADCCAC /* Base */ = {isa = PBXFileReference; lastKnownFileType = file.storyboard; name = Base; path = Base.lproj/LaunchScreen.storyboard; sourceTree = "<group>"; };
		5542BA8E22E5BE0100ADCCAC /* Info.plist */ = {isa = PBXFileReference; lastKnownFileType = text.plist.xml; path = Info.plist; sourceTree = "<group>"; };
		5542BA8F22E5BE0100ADCCAC /* main.m */ = {isa = PBXFileReference; lastKnownFileType = sourcecode.c.objc; path = main.m; sourceTree = "<group>"; };
		556D4DA722E94A6500E3DBB2 /* JSDMaterialCell.xib */ = {isa = PBXFileReference; lastKnownFileType = file.xib; path = JSDMaterialCell.xib; sourceTree = "<group>"; };
		556D4E0722EAA18C00E3DBB2 /* JSDShowNumberView.h */ = {isa = PBXFileReference; lastKnownFileType = sourcecode.c.h; path = JSDShowNumberView.h; sourceTree = "<group>"; };
		556D4E0822EAA18C00E3DBB2 /* JSDShowNumberView.m */ = {isa = PBXFileReference; lastKnownFileType = sourcecode.c.objc; path = JSDShowNumberView.m; sourceTree = "<group>"; };
		556D4E0A22EAC64300E3DBB2 /* macchiato_coffee.png */ = {isa = PBXFileReference; lastKnownFileType = image.png; name = macchiato_coffee.png; path = ../macchiato_coffee.png; sourceTree = "<group>"; };
		556D4E0B22EAC64300E3DBB2 /* mocha_coffee.png */ = {isa = PBXFileReference; lastKnownFileType = image.png; name = mocha_coffee.png; path = ../mocha_coffee.png; sourceTree = "<group>"; };
		556D4E0C22EAC64300E3DBB2 /* cappuccino_coffee.png */ = {isa = PBXFileReference; lastKnownFileType = image.png; name = cappuccino_coffee.png; path = ../cappuccino_coffee.png; sourceTree = "<group>"; };
		556D4E0D22EAC64300E3DBB2 /* latte_coffee.png */ = {isa = PBXFileReference; lastKnownFileType = image.png; name = latte_coffee.png; path = ../latte_coffee.png; sourceTree = "<group>"; };
		556D4E0E22EAC64300E3DBB2 /* americano_coffee.png */ = {isa = PBXFileReference; lastKnownFileType = image.png; name = americano_coffee.png; path = ../americano_coffee.png; sourceTree = "<group>"; };
		556D4E1522EAD00700E3DBB2 /* dand.png */ = {isa = PBXFileReference; lastKnownFileType = image.png; path = dand.png; sourceTree = "<group>"; };
		556D4E1622EAD00700E3DBB2 /* siphon.png */ = {isa = PBXFileReference; lastKnownFileType = image.png; path = siphon.png; sourceTree = "<group>"; };
		556D4E1722EAD00700E3DBB2 /* frenchpress.png */ = {isa = PBXFileReference; lastKnownFileType = image.png; path = frenchpress.png; sourceTree = "<group>"; };
		556D4E1C22EADA1500E3DBB2 /* JSDFeedBacksVC.h */ = {isa = PBXFileReference; lastKnownFileType = sourcecode.c.h; path = JSDFeedBacksVC.h; sourceTree = "<group>"; };
		556D4E1D22EADA1500E3DBB2 /* JSDFeedBacksVC.m */ = {isa = PBXFileReference; lastKnownFileType = sourcecode.c.objc; path = JSDFeedBacksVC.m; sourceTree = "<group>"; };
		556D4E1E22EADA1500E3DBB2 /* JSDFeedBacksVC.xib */ = {isa = PBXFileReference; lastKnownFileType = file.xib; path = JSDFeedBacksVC.xib; sourceTree = "<group>"; };
		556D4E2222EADDD500E3DBB2 /* JSDAboutUSVC.h */ = {isa = PBXFileReference; lastKnownFileType = sourcecode.c.h; path = JSDAboutUSVC.h; sourceTree = "<group>"; };
		556D4E2322EADDD500E3DBB2 /* JSDAboutUSVC.m */ = {isa = PBXFileReference; lastKnownFileType = sourcecode.c.objc; path = JSDAboutUSVC.m; sourceTree = "<group>"; };
		556D4E2522EADF6400E3DBB2 /* JSDAbountViewModel.h */ = {isa = PBXFileReference; lastKnownFileType = sourcecode.c.h; path = JSDAbountViewModel.h; sourceTree = "<group>"; };
		556D4E2622EADF6400E3DBB2 /* JSDAbountViewModel.m */ = {isa = PBXFileReference; lastKnownFileType = sourcecode.c.objc; path = JSDAbountViewModel.m; sourceTree = "<group>"; };
		556D4E2822EAE48800E3DBB2 /* JSDKitTypeStepVC.h */ = {isa = PBXFileReference; lastKnownFileType = sourcecode.c.h; path = JSDKitTypeStepVC.h; sourceTree = "<group>"; };
		556D4E2922EAE48800E3DBB2 /* JSDKitTypeStepVC.m */ = {isa = PBXFileReference; lastKnownFileType = sourcecode.c.objc; path = JSDKitTypeStepVC.m; sourceTree = "<group>"; };
		556D4E2A22EAE48800E3DBB2 /* JSDKitTypeStepVC.xib */ = {isa = PBXFileReference; lastKnownFileType = file.xib; path = JSDKitTypeStepVC.xib; sourceTree = "<group>"; };
		55703AB722E5C10600C2EC01 /* JSDPrefixHeader.pch */ = {isa = PBXFileReference; fileEncoding = 4; lastKnownFileType = sourcecode.c.h; path = JSDPrefixHeader.pch; sourceTree = "<group>"; };
		55703AB822E5C10600C2EC01 /* JSDDevMacro.h */ = {isa = PBXFileReference; fileEncoding = 4; lastKnownFileType = sourcecode.c.h; path = JSDDevMacro.h; sourceTree = "<group>"; };
		55703AB922E5C10600C2EC01 /* JSDMacro.h */ = {isa = PBXFileReference; fileEncoding = 4; lastKnownFileType = sourcecode.c.h; path = JSDMacro.h; sourceTree = "<group>"; };
		55703ABA22E5C10600C2EC01 /* JSDPublic.h */ = {isa = PBXFileReference; fileEncoding = 4; lastKnownFileType = sourcecode.c.h; path = JSDPublic.h; sourceTree = "<group>"; };
		55BE3C8322E6AFAE00D28107 /* UIColor+JSDStyle.h */ = {isa = PBXFileReference; lastKnownFileType = sourcecode.c.h; path = "UIColor+JSDStyle.h"; sourceTree = "<group>"; };
		55BE3C8422E6AFAE00D28107 /* UIColor+JSDStyle.m */ = {isa = PBXFileReference; lastKnownFileType = sourcecode.c.objc; path = "UIColor+JSDStyle.m"; sourceTree = "<group>"; };
		55BE3C8622E6B21A00D28107 /* JSDBaseViewController.h */ = {isa = PBXFileReference; lastKnownFileType = sourcecode.c.h; path = JSDBaseViewController.h; sourceTree = "<group>"; };
		55BE3C8722E6B21A00D28107 /* JSDBaseViewController.m */ = {isa = PBXFileReference; lastKnownFileType = sourcecode.c.objc; path = JSDBaseViewController.m; sourceTree = "<group>"; };
		55BE3C8922E6B23000D28107 /* JSDCollectionViewController.h */ = {isa = PBXFileReference; lastKnownFileType = sourcecode.c.h; path = JSDCollectionViewController.h; sourceTree = "<group>"; };
		55BE3C8A22E6B23000D28107 /* JSDCollectionViewController.m */ = {isa = PBXFileReference; lastKnownFileType = sourcecode.c.objc; path = JSDCollectionViewController.m; sourceTree = "<group>"; };
		55BE3C8C22E6B33900D28107 /* JSDBaseNavigationController.h */ = {isa = PBXFileReference; lastKnownFileType = sourcecode.c.h; path = JSDBaseNavigationController.h; sourceTree = "<group>"; };
		55BE3C8D22E6B33900D28107 /* JSDBaseNavigationController.m */ = {isa = PBXFileReference; lastKnownFileType = sourcecode.c.objc; path = JSDBaseNavigationController.m; sourceTree = "<group>"; };
		55BE3C9F22E6B5C300D28107 /* JSDBaseView.h */ = {isa = PBXFileReference; lastKnownFileType = sourcecode.c.h; path = JSDBaseView.h; sourceTree = "<group>"; };
		55BE3CA022E6B5C300D28107 /* JSDBaseView.m */ = {isa = PBXFileReference; lastKnownFileType = sourcecode.c.objc; path = JSDBaseView.m; sourceTree = "<group>"; };
		55BE3CA222E6B5CD00D28107 /* JSDBaseModel.h */ = {isa = PBXFileReference; lastKnownFileType = sourcecode.c.h; path = JSDBaseModel.h; sourceTree = "<group>"; };
		55BE3CA322E6B5CD00D28107 /* JSDBaseModel.m */ = {isa = PBXFileReference; lastKnownFileType = sourcecode.c.objc; path = JSDBaseModel.m; sourceTree = "<group>"; };
		55BE3CA522E6B5FF00D28107 /* JSDMyCenterVC.h */ = {isa = PBXFileReference; lastKnownFileType = sourcecode.c.h; path = JSDMyCenterVC.h; sourceTree = "<group>"; };
		55BE3CA622E6B5FF00D28107 /* JSDMyCenterVC.m */ = {isa = PBXFileReference; lastKnownFileType = sourcecode.c.objc; path = JSDMyCenterVC.m; sourceTree = "<group>"; };
		55BE3CB822E6B75F00D28107 /* JSDKitTypeVC.h */ = {isa = PBXFileReference; lastKnownFileType = sourcecode.c.h; path = JSDKitTypeVC.h; sourceTree = "<group>"; };
		55BE3CB922E6B75F00D28107 /* JSDKitTypeVC.m */ = {isa = PBXFileReference; lastKnownFileType = sourcecode.c.objc; path = JSDKitTypeVC.m; sourceTree = "<group>"; };
		55BE3CBB22E6B77000D28107 /* JSDMaterialVC.h */ = {isa = PBXFileReference; lastKnownFileType = sourcecode.c.h; path = JSDMaterialVC.h; sourceTree = "<group>"; };
		55BE3CBC22E6B77000D28107 /* JSDMaterialVC.m */ = {isa = PBXFileReference; lastKnownFileType = sourcecode.c.objc; path = JSDMaterialVC.m; sourceTree = "<group>"; };
		55BE3CBE22E6B77F00D28107 /* JSDCoffeeVC.h */ = {isa = PBXFileReference; lastKnownFileType = sourcecode.c.h; path = JSDCoffeeVC.h; sourceTree = "<group>"; };
		55BE3CBF22E6B77F00D28107 /* JSDCoffeeVC.m */ = {isa = PBXFileReference; lastKnownFileType = sourcecode.c.objc; path = JSDCoffeeVC.m; sourceTree = "<group>"; };
		55BE3CC222E6B7C800D28107 /* JSDTabBarViewController.h */ = {isa = PBXFileReference; fileEncoding = 4; lastKnownFileType = sourcecode.c.h; path = JSDTabBarViewController.h; sourceTree = "<group>"; };
		55BE3CC322E6B7C800D28107 /* JSDTabBarViewController.m */ = {isa = PBXFileReference; fileEncoding = 4; lastKnownFileType = sourcecode.c.objc; path = JSDTabBarViewController.m; sourceTree = "<group>"; };
		55BE3CC522E6E16500D28107 /* JSDCoffeeCollectionViewCell.h */ = {isa = PBXFileReference; lastKnownFileType = sourcecode.c.h; path = JSDCoffeeCollectionViewCell.h; sourceTree = "<group>"; };
		55BE3CC622E6E16500D28107 /* JSDCoffeeCollectionViewCell.m */ = {isa = PBXFileReference; lastKnownFileType = sourcecode.c.objc; path = JSDCoffeeCollectionViewCell.m; sourceTree = "<group>"; };
		55BE3CC722E6E16500D28107 /* JSDCoffeeCollectionViewCell.xib */ = {isa = PBXFileReference; lastKnownFileType = file.xib; path = JSDCoffeeCollectionViewCell.xib; sourceTree = "<group>"; };
		55C2042422E9B05600F193E6 /* JSDCoffeeDetailVC.h */ = {isa = PBXFileReference; lastKnownFileType = sourcecode.c.h; path = JSDCoffeeDetailVC.h; sourceTree = "<group>"; };
		55C2042522E9B05600F193E6 /* JSDCoffeeDetailVC.m */ = {isa = PBXFileReference; lastKnownFileType = sourcecode.c.objc; path = JSDCoffeeDetailVC.m; sourceTree = "<group>"; };
		55C2042622E9B05600F193E6 /* JSDCoffeeDetailVC.xib */ = {isa = PBXFileReference; lastKnownFileType = file.xib; path = JSDCoffeeDetailVC.xib; sourceTree = "<group>"; };
		55C2042922E9B07F00F193E6 /* JSDMaterialDetailVC.h */ = {isa = PBXFileReference; lastKnownFileType = sourcecode.c.h; path = JSDMaterialDetailVC.h; sourceTree = "<group>"; };
		55C2042A22E9B07F00F193E6 /* JSDMaterialDetailVC.m */ = {isa = PBXFileReference; lastKnownFileType = sourcecode.c.objc; path = JSDMaterialDetailVC.m; sourceTree = "<group>"; };
		55C2042B22E9B07F00F193E6 /* JSDMaterialDetailVC.xib */ = {isa = PBXFileReference; lastKnownFileType = file.xib; path = JSDMaterialDetailVC.xib; sourceTree = "<group>"; };
		55E952D022E951A5008BADB5 /* JSDKitTypeViewCell.h */ = {isa = PBXFileReference; lastKnownFileType = sourcecode.c.h; path = JSDKitTypeViewCell.h; sourceTree = "<group>"; };
		55E952D122E951A5008BADB5 /* JSDKitTypeViewCell.m */ = {isa = PBXFileReference; lastKnownFileType = sourcecode.c.objc; path = JSDKitTypeViewCell.m; sourceTree = "<group>"; };
		55E952D222E951A5008BADB5 /* JSDKitTypeViewCell.xib */ = {isa = PBXFileReference; lastKnownFileType = file.xib; path = JSDKitTypeViewCell.xib; sourceTree = "<group>"; };
		55E952D522E958D8008BADB5 /* UIFont+JSDStyle.h */ = {isa = PBXFileReference; lastKnownFileType = sourcecode.c.h; path = "UIFont+JSDStyle.h"; sourceTree = "<group>"; };
		55E952D622E958D8008BADB5 /* UIFont+JSDStyle.m */ = {isa = PBXFileReference; lastKnownFileType = sourcecode.c.objc; path = "UIFont+JSDStyle.m"; sourceTree = "<group>"; };
		55E952D822E95D10008BADB5 /* JSDCoffeeViewModel.h */ = {isa = PBXFileReference; lastKnownFileType = sourcecode.c.h; path = JSDCoffeeViewModel.h; sourceTree = "<group>"; };
		55E952D922E95D10008BADB5 /* JSDCoffeeViewModel.m */ = {isa = PBXFileReference; lastKnownFileType = sourcecode.c.objc; path = JSDCoffeeViewModel.m; sourceTree = "<group>"; };
		55E952DB22E95FAE008BADB5 /* coffeeData.json */ = {isa = PBXFileReference; fileEncoding = 4; lastKnownFileType = text.json; path = coffeeData.json; sourceTree = "<group>"; };
		55E952DD22E98474008BADB5 /* JSDKitTypeViewModel.h */ = {isa = PBXFileReference; lastKnownFileType = sourcecode.c.h; path = JSDKitTypeViewModel.h; sourceTree = "<group>"; };
		55E952DE22E98474008BADB5 /* JSDKitTypeViewModel.m */ = {isa = PBXFileReference; lastKnownFileType = sourcecode.c.objc; path = JSDKitTypeViewModel.m; sourceTree = "<group>"; };
		55E952E022E984AC008BADB5 /* kitTypeData.json */ = {isa = PBXFileReference; fileEncoding = 4; lastKnownFileType = text.json; path = kitTypeData.json; sourceTree = "<group>"; };
		55E952E222E98E4D008BADB5 /* JSDMaterialViewModel.h */ = {isa = PBXFileReference; lastKnownFileType = sourcecode.c.h; path = JSDMaterialViewModel.h; sourceTree = "<group>"; };
		55E952E322E98E4D008BADB5 /* JSDMaterialViewModel.m */ = {isa = PBXFileReference; lastKnownFileType = sourcecode.c.objc; path = JSDMaterialViewModel.m; sourceTree = "<group>"; };
		55E952E522E98F56008BADB5 /* MaterialData.json */ = {isa = PBXFileReference; fileEncoding = 4; lastKnownFileType = text.json; name = MaterialData.json; path = JerseyCoffee/Modules/Material/MaterialData.json; sourceTree = SOURCE_ROOT; };
		601E98C222E9EA85008CBE2B /* JSDCollectionViewCell.xib */ = {isa = PBXFileReference; fileEncoding = 4; lastKnownFileType = file.xib; path = JSDCollectionViewCell.xib; sourceTree = "<group>"; };
		601E98C322E9EA85008CBE2B /* JSDCollectionViewCell.h */ = {isa = PBXFileReference; fileEncoding = 4; lastKnownFileType = sourcecode.c.h; path = JSDCollectionViewCell.h; sourceTree = "<group>"; };
		601E98C422E9EA85008CBE2B /* JSDCollectionViewCell.m */ = {isa = PBXFileReference; fileEncoding = 4; lastKnownFileType = sourcecode.c.objc; path = JSDCollectionViewCell.m; sourceTree = "<group>"; };
		601E98C722E9EA8E008CBE2B /* JSDMyCenterViewModel.m */ = {isa = PBXFileReference; fileEncoding = 4; lastKnownFileType = sourcecode.c.objc; path = JSDMyCenterViewModel.m; sourceTree = "<group>"; };
		601E98C822E9EA8E008CBE2B /* JSDMyCenterViewModel.h */ = {isa = PBXFileReference; fileEncoding = 4; lastKnownFileType = sourcecode.c.h; path = JSDMyCenterViewModel.h; sourceTree = "<group>"; };
		601E98CA22E9F282008CBE2B /* JSDCoffeeHistoryVC.h */ = {isa = PBXFileReference; lastKnownFileType = sourcecode.c.h; path = JSDCoffeeHistoryVC.h; sourceTree = "<group>"; };
		601E98CB22E9F282008CBE2B /* JSDCoffeeHistoryVC.m */ = {isa = PBXFileReference; lastKnownFileType = sourcecode.c.objc; path = JSDCoffeeHistoryVC.m; sourceTree = "<group>"; };
		601E98CC22E9F282008CBE2B /* JSDCoffeeHistoryVC.xib */ = {isa = PBXFileReference; lastKnownFileType = file.xib; path = JSDCoffeeHistoryVC.xib; sourceTree = "<group>"; };
		601E98D422EC23F5008CBE2B /* JSDAddCoffeeItemVC.h */ = {isa = PBXFileReference; lastKnownFileType = sourcecode.c.h; path = JSDAddCoffeeItemVC.h; sourceTree = "<group>"; };
		601E98D522EC23F5008CBE2B /* JSDAddCoffeeItemVC.m */ = {isa = PBXFileReference; lastKnownFileType = sourcecode.c.objc; path = JSDAddCoffeeItemVC.m; sourceTree = "<group>"; };
		601E98D622EC23F5008CBE2B /* JSDAddCoffeeItemVC.xib */ = {isa = PBXFileReference; lastKnownFileType = file.xib; path = JSDAddCoffeeItemVC.xib; sourceTree = "<group>"; };
		601E98D922EC4540008CBE2B /* JSDSelectedNumberView.h */ = {isa = PBXFileReference; lastKnownFileType = sourcecode.c.h; path = JSDSelectedNumberView.h; sourceTree = "<group>"; };
		601E98DA22EC4540008CBE2B /* JSDSelectedNumberView.m */ = {isa = PBXFileReference; lastKnownFileType = sourcecode.c.objc; path = JSDSelectedNumberView.m; sourceTree = "<group>"; };
		601E98DC22EC4D81008CBE2B /* JSDPhotoManage.h */ = {isa = PBXFileReference; fileEncoding = 4; lastKnownFileType = sourcecode.c.h; path = JSDPhotoManage.h; sourceTree = "<group>"; };
		601E98DD22EC4D82008CBE2B /* JSDPhotoManage.m */ = {isa = PBXFileReference; fileEncoding = 4; lastKnownFileType = sourcecode.c.objc; path = JSDPhotoManage.m; sourceTree = "<group>"; };
		7F5E24E53A3B4D07A28557E2 /* Pods-JerseyCoffee.debug.xcconfig */ = {isa = PBXFileReference; includeInIndex = 1; lastKnownFileType = text.xcconfig; name = "Pods-JerseyCoffee.debug.xcconfig"; path = "Target Support Files/Pods-JerseyCoffee/Pods-JerseyCoffee.debug.xcconfig"; sourceTree = "<group>"; };
		A40335F599FD0E1C7292803F /* libPods-JerseyCoffee.a */ = {isa = PBXFileReference; explicitFileType = archive.ar; includeInIndex = 0; path = "libPods-JerseyCoffee.a"; sourceTree = BUILT_PRODUCTS_DIR; };
/* End PBXFileReference section */

/* Begin PBXFrameworksBuildPhase section */
		5542BA7A22E5BE0000ADCCAC /* Frameworks */ = {
			isa = PBXFrameworksBuildPhase;
			buildActionMask = 2147483647;
			files = (
				3547F839BDBAC4702DD9979F /* libPods-JerseyCoffee.a in Frameworks */,
			);
			runOnlyForDeploymentPostprocessing = 0;
		};
/* End PBXFrameworksBuildPhase section */

/* Begin PBXGroup section */
		5534DC9C22EF017B006E8ABB /* Material */ = {
			isa = PBXGroup;
			children = (
				5534DC9D22EF01AF006E8ABB /* JSDAddEditMaterialVC.h */,
				5534DC9E22EF01AF006E8ABB /* JSDAddEditMaterialVC.m */,
				5534DC9F22EF01AF006E8ABB /* JSDAddEditMaterialVC.xib */,
			);
			path = Material;
			sourceTree = "<group>";
		};
		5534DCA222F00168006E8ABB /* Kit */ = {
			isa = PBXGroup;
			children = (
				5534DCA322F00188006E8ABB /* JSDAddEditKitVC.h */,
				5534DCA422F00188006E8ABB /* JSDAddEditKitVC.m */,
				5534DCA522F00188006E8ABB /* JSDAddEditKitVC.xib */,
			);
			path = Kit;
			sourceTree = "<group>";
		};
		5542BA7422E5BE0000ADCCAC = {
			isa = PBXGroup;
			children = (
				5542BA7F22E5BE0000ADCCAC /* JerseyCoffee */,
				5542BA7E22E5BE0000ADCCAC /* Products */,
				99ECA596A68D06A47FFCEDBF /* Pods */,
				FF059F6BF10693FA7BB3ACE1 /* Frameworks */,
			);
			sourceTree = "<group>";
		};
		5542BA7E22E5BE0000ADCCAC /* Products */ = {
			isa = PBXGroup;
			children = (
				5542BA7D22E5BE0000ADCCAC /* JerseyCoffee.app */,
			);
			name = Products;
			sourceTree = "<group>";
		};
		5542BA7F22E5BE0000ADCCAC /* JerseyCoffee */ = {
			isa = PBXGroup;
			children = (
				55703AB222E5C02E00C2EC01 /* Application */,
				55703AB022E5C02E00C2EC01 /* Base */,
				55703AB522E5C02E00C2EC01 /* BaseKit */,
				55703AB622E5C02E00C2EC01 /* CategoryTool */,
				55703AB322E5C02E00C2EC01 /* Modules */,
				55703AB422E5C02E00C2EC01 /* Public */,
				55703AB122E5C02E00C2EC01 /* Supporting Files */,
			);
			path = JerseyCoffee;
			sourceTree = "<group>";
		};
		556D4E0622EAA15B00E3DBB2 /* UIView */ = {
			isa = PBXGroup;
			children = (
				556D4E0722EAA18C00E3DBB2 /* JSDShowNumberView.h */,
				556D4E0822EAA18C00E3DBB2 /* JSDShowNumberView.m */,
				601E98D922EC4540008CBE2B /* JSDSelectedNumberView.h */,
				601E98DA22EC4540008CBE2B /* JSDSelectedNumberView.m */,
			);
			path = UIView;
			sourceTree = "<group>";
		};
		556D4E1422EAC65E00E3DBB2 /* ImageAssets */ = {
			isa = PBXGroup;
			children = (
				5534DCB222F03844006E8ABB /* AddItem.png */,
				5534DCAC22F0361F006E8ABB /* selected_photo.png */,
				556D4E1522EAD00700E3DBB2 /* dand.png */,
				556D4E1722EAD00700E3DBB2 /* frenchpress.png */,
				556D4E1622EAD00700E3DBB2 /* siphon.png */,
				556D4E0E22EAC64300E3DBB2 /* americano_coffee.png */,
				556D4E0C22EAC64300E3DBB2 /* cappuccino_coffee.png */,
				556D4E0D22EAC64300E3DBB2 /* latte_coffee.png */,
				556D4E0A22EAC64300E3DBB2 /* macchiato_coffee.png */,
				556D4E0B22EAC64300E3DBB2 /* mocha_coffee.png */,
			);
			path = ImageAssets;
			sourceTree = "<group>";
		};
		556D4E1B22EAD9F100E3DBB2 /* Feedback */ = {
			isa = PBXGroup;
			children = (
				556D4E1C22EADA1500E3DBB2 /* JSDFeedBacksVC.h */,
				556D4E1D22EADA1500E3DBB2 /* JSDFeedBacksVC.m */,
				556D4E1E22EADA1500E3DBB2 /* JSDFeedBacksVC.xib */,
			);
			path = Feedback;
			sourceTree = "<group>";
		};
		556D4E2122EADDAD00E3DBB2 /* About */ = {
			isa = PBXGroup;
			children = (
				556D4E2222EADDD500E3DBB2 /* JSDAboutUSVC.h */,
				556D4E2322EADDD500E3DBB2 /* JSDAboutUSVC.m */,
				556D4E2522EADF6400E3DBB2 /* JSDAbountViewModel.h */,
				556D4E2622EADF6400E3DBB2 /* JSDAbountViewModel.m */,
			);
			path = About;
			sourceTree = "<group>";
		};
		55703AB022E5C02E00C2EC01 /* Base */ = {
			isa = PBXGroup;
			children = (
				55BE3C7F22E6AD4600D28107 /* Model */,
				55BE3C7E22E6AD3F00D28107 /* View */,
				55BE3C7D22E6AD3700D28107 /* ViewController */,
			);
			path = Base;
			sourceTree = "<group>";
		};
		55703AB122E5C02E00C2EC01 /* Supporting Files */ = {
			isa = PBXGroup;
			children = (
				556D4E1422EAC65E00E3DBB2 /* ImageAssets */,
				5542BA8922E5BE0100ADCCAC /* Assets.xcassets */,
				5542BA8B22E5BE0100ADCCAC /* LaunchScreen.storyboard */,
				5542BA8E22E5BE0100ADCCAC /* Info.plist */,
				5542BA8F22E5BE0100ADCCAC /* main.m */,
			);
			path = "Supporting Files";
			sourceTree = "<group>";
		};
		55703AB222E5C02E00C2EC01 /* Application */ = {
			isa = PBXGroup;
			children = (
				5542BA8022E5BE0000ADCCAC /* AppDelegate.h */,
				5542BA8122E5BE0000ADCCAC /* AppDelegate.m */,
			);
			path = Application;
			sourceTree = "<group>";
		};
		55703AB322E5C02E00C2EC01 /* Modules */ = {
			isa = PBXGroup;
			children = (
				601E98CF22EC23AB008CBE2B /* AddItem */,
				55BE3CC122E6B7C800D28107 /* TabBar */,
				55BE3C9222E6B4A300D28107 /* My */,
				55BE3C9122E6B49800D28107 /* Kit */,
				55BE3C9022E6B48D00D28107 /* Material */,
				55BE3C8F22E6B48300D28107 /* Coffee */,
			);
			path = Modules;
			sourceTree = "<group>";
		};
		55703AB422E5C02E00C2EC01 /* Public */ = {
			isa = PBXGroup;
			children = (
				55703AB822E5C10600C2EC01 /* JSDDevMacro.h */,
				55703AB922E5C10600C2EC01 /* JSDMacro.h */,
				55703ABA22E5C10600C2EC01 /* JSDPublic.h */,
				55703AB722E5C10600C2EC01 /* JSDPrefixHeader.pch */,
			);
			path = Public;
			sourceTree = "<group>";
		};
		55703AB522E5C02E00C2EC01 /* BaseKit */ = {
			isa = PBXGroup;
			children = (
				601E98DC22EC4D81008CBE2B /* JSDPhotoManage.h */,
				601E98DD22EC4D82008CBE2B /* JSDPhotoManage.m */,
				556D4E0622EAA15B00E3DBB2 /* UIView */,
			);
			path = BaseKit;
			sourceTree = "<group>";
		};
		55703AB622E5C02E00C2EC01 /* CategoryTool */ = {
			isa = PBXGroup;
			children = (
				55BE3C8322E6AFAE00D28107 /* UIColor+JSDStyle.h */,
				55BE3C8422E6AFAE00D28107 /* UIColor+JSDStyle.m */,
				55E952D522E958D8008BADB5 /* UIFont+JSDStyle.h */,
				55E952D622E958D8008BADB5 /* UIFont+JSDStyle.m */,
			);
			path = CategoryTool;
			sourceTree = "<group>";
		};
		55BE3C7D22E6AD3700D28107 /* ViewController */ = {
			isa = PBXGroup;
			children = (
				55BE3C8622E6B21A00D28107 /* JSDBaseViewController.h */,
				55BE3C8722E6B21A00D28107 /* JSDBaseViewController.m */,
				55BE3C8922E6B23000D28107 /* JSDCollectionViewController.h */,
				55BE3C8A22E6B23000D28107 /* JSDCollectionViewController.m */,
				55BE3C8C22E6B33900D28107 /* JSDBaseNavigationController.h */,
				55BE3C8D22E6B33900D28107 /* JSDBaseNavigationController.m */,
			);
			path = ViewController;
			sourceTree = "<group>";
		};
		55BE3C7E22E6AD3F00D28107 /* View */ = {
			isa = PBXGroup;
			children = (
				55BE3C9F22E6B5C300D28107 /* JSDBaseView.h */,
				55BE3CA022E6B5C300D28107 /* JSDBaseView.m */,
			);
			path = View;
			sourceTree = "<group>";
		};
		55BE3C7F22E6AD4600D28107 /* Model */ = {
			isa = PBXGroup;
			children = (
				55BE3CA222E6B5CD00D28107 /* JSDBaseModel.h */,
				55BE3CA322E6B5CD00D28107 /* JSDBaseModel.m */,
			);
			path = Model;
			sourceTree = "<group>";
		};
		55BE3C8F22E6B48300D28107 /* Coffee */ = {
			isa = PBXGroup;
			children = (
				55BE3C9D22E6B5AD00D28107 /* Model */,
				55BE3C9E22E6B5AD00D28107 /* View */,
				55BE3C9C22E6B59E00D28107 /* ViewController */,
			);
			path = Coffee;
			sourceTree = "<group>";
		};
		55BE3C9022E6B48D00D28107 /* Material */ = {
			isa = PBXGroup;
			children = (
				55BE3C9A22E6B59600D28107 /* Model */,
				55BE3C9922E6B59600D28107 /* View */,
				55BE3C9B22E6B59600D28107 /* ViewController */,
			);
			path = Material;
			sourceTree = "<group>";
		};
		55BE3C9122E6B49800D28107 /* Kit */ = {
			isa = PBXGroup;
			children = (
				55BE3C9822E6B58B00D28107 /* Model */,
				55BE3C9722E6B58B00D28107 /* View */,
				55BE3C9622E6B58B00D28107 /* ViewController */,
			);
			path = Kit;
			sourceTree = "<group>";
		};
		55BE3C9222E6B4A300D28107 /* My */ = {
			isa = PBXGroup;
			children = (
				556D4E2122EADDAD00E3DBB2 /* About */,
				556D4E1B22EAD9F100E3DBB2 /* Feedback */,
				601E98C022E9EA6B008CBE2B /* Model */,
				601E98C122E9EA6B008CBE2B /* View */,
				55BE3C9522E6B58500D28107 /* ViewController */,
			);
			path = My;
			sourceTree = "<group>";
		};
		55BE3C9522E6B58500D28107 /* ViewController */ = {
			isa = PBXGroup;
			children = (
				55BE3CA522E6B5FF00D28107 /* JSDMyCenterVC.h */,
				55BE3CA622E6B5FF00D28107 /* JSDMyCenterVC.m */,
				601E98CA22E9F282008CBE2B /* JSDCoffeeHistoryVC.h */,
				601E98CB22E9F282008CBE2B /* JSDCoffeeHistoryVC.m */,
				601E98CC22E9F282008CBE2B /* JSDCoffeeHistoryVC.xib */,
			);
			path = ViewController;
			sourceTree = "<group>";
		};
		55BE3C9622E6B58B00D28107 /* ViewController */ = {
			isa = PBXGroup;
			children = (
				55BE3CB822E6B75F00D28107 /* JSDKitTypeVC.h */,
				55BE3CB922E6B75F00D28107 /* JSDKitTypeVC.m */,
				556D4E2822EAE48800E3DBB2 /* JSDKitTypeStepVC.h */,
				556D4E2922EAE48800E3DBB2 /* JSDKitTypeStepVC.m */,
				556D4E2A22EAE48800E3DBB2 /* JSDKitTypeStepVC.xib */,
			);
			path = ViewController;
			sourceTree = "<group>";
		};
		55BE3C9722E6B58B00D28107 /* View */ = {
			isa = PBXGroup;
			children = (
				55E952D022E951A5008BADB5 /* JSDKitTypeViewCell.h */,
				55E952D122E951A5008BADB5 /* JSDKitTypeViewCell.m */,
				55E952D222E951A5008BADB5 /* JSDKitTypeViewCell.xib */,
			);
			path = View;
			sourceTree = "<group>";
		};
		55BE3C9822E6B58B00D28107 /* Model */ = {
			isa = PBXGroup;
			children = (
				55E952E022E984AC008BADB5 /* kitTypeData.json */,
				55E952DD22E98474008BADB5 /* JSDKitTypeViewModel.h */,
				55E952DE22E98474008BADB5 /* JSDKitTypeViewModel.m */,
			);
			path = Model;
			sourceTree = "<group>";
		};
		55BE3C9922E6B59600D28107 /* View */ = {
			isa = PBXGroup;
			children = (
				5501256A22E7F2D400835DE4 /* JSDMaterialCell.h */,
				5501256B22E7F2D400835DE4 /* JSDMaterialCell.m */,
				556D4DA722E94A6500E3DBB2 /* JSDMaterialCell.xib */,
				5501256F22E7F9F400835DE4 /* JSDMaterialTextView.h */,
				5501257022E7F9F400835DE4 /* JSDMaterialTextView.m */,
				5501257222E7F9FE00835DE4 /* JSDMaterialTextView.xib */,
			);
			path = View;
			sourceTree = "<group>";
		};
		55BE3C9A22E6B59600D28107 /* Model */ = {
			isa = PBXGroup;
			children = (
				55E952E522E98F56008BADB5 /* MaterialData.json */,
				55E952E222E98E4D008BADB5 /* JSDMaterialViewModel.h */,
				55E952E322E98E4D008BADB5 /* JSDMaterialViewModel.m */,
			);
			path = Model;
			sourceTree = "<group>";
		};
		55BE3C9B22E6B59600D28107 /* ViewController */ = {
			isa = PBXGroup;
			children = (
				55BE3CBB22E6B77000D28107 /* JSDMaterialVC.h */,
				55BE3CBC22E6B77000D28107 /* JSDMaterialVC.m */,
				55C2042922E9B07F00F193E6 /* JSDMaterialDetailVC.h */,
				55C2042A22E9B07F00F193E6 /* JSDMaterialDetailVC.m */,
				55C2042B22E9B07F00F193E6 /* JSDMaterialDetailVC.xib */,
			);
			path = ViewController;
			sourceTree = "<group>";
		};
		55BE3C9C22E6B59E00D28107 /* ViewController */ = {
			isa = PBXGroup;
			children = (
				55BE3CBE22E6B77F00D28107 /* JSDCoffeeVC.h */,
				55BE3CBF22E6B77F00D28107 /* JSDCoffeeVC.m */,
				55C2042422E9B05600F193E6 /* JSDCoffeeDetailVC.h */,
				55C2042522E9B05600F193E6 /* JSDCoffeeDetailVC.m */,
				55C2042622E9B05600F193E6 /* JSDCoffeeDetailVC.xib */,
			);
			path = ViewController;
			sourceTree = "<group>";
		};
		55BE3C9D22E6B5AD00D28107 /* Model */ = {
			isa = PBXGroup;
			children = (
				55E952D822E95D10008BADB5 /* JSDCoffeeViewModel.h */,
				55E952D922E95D10008BADB5 /* JSDCoffeeViewModel.m */,
				55E952DB22E95FAE008BADB5 /* coffeeData.json */,
			);
			path = Model;
			sourceTree = "<group>";
		};
		55BE3C9E22E6B5AD00D28107 /* View */ = {
			isa = PBXGroup;
			children = (
				55BE3CC522E6E16500D28107 /* JSDCoffeeCollectionViewCell.h */,
				55BE3CC622E6E16500D28107 /* JSDCoffeeCollectionViewCell.m */,
				55BE3CC722E6E16500D28107 /* JSDCoffeeCollectionViewCell.xib */,
			);
			path = View;
			sourceTree = "<group>";
		};
		55BE3CC122E6B7C800D28107 /* TabBar */ = {
			isa = PBXGroup;
			children = (
				55BE3CC222E6B7C800D28107 /* JSDTabBarViewController.h */,
				55BE3CC322E6B7C800D28107 /* JSDTabBarViewController.m */,
			);
			path = TabBar;
			sourceTree = "<group>";
		};
		601E98C022E9EA6B008CBE2B /* Model */ = {
			isa = PBXGroup;
			children = (
				601E98C822E9EA8E008CBE2B /* JSDMyCenterViewModel.h */,
				601E98C722E9EA8E008CBE2B /* JSDMyCenterViewModel.m */,
			);
			path = Model;
			sourceTree = "<group>";
		};
		601E98C122E9EA6B008CBE2B /* View */ = {
			isa = PBXGroup;
			children = (
				601E98C322E9EA85008CBE2B /* JSDCollectionViewCell.h */,
				601E98C422E9EA85008CBE2B /* JSDCollectionViewCell.m */,
				601E98C222E9EA85008CBE2B /* JSDCollectionViewCell.xib */,
			);
			path = View;
			sourceTree = "<group>";
		};
		601E98CF22EC23AB008CBE2B /* AddItem */ = {
			isa = PBXGroup;
			children = (
				5534DCA222F00168006E8ABB /* Kit */,
				5534DC9C22EF017B006E8ABB /* Material */,
				601E98D022EC23B4008CBE2B /* Coffee */,
			);
			path = AddItem;
			sourceTree = "<group>";
		};
		601E98D022EC23B4008CBE2B /* Coffee */ = {
			isa = PBXGroup;
			children = (
				601E98D222EC23CF008CBE2B /* Controller */,
				601E98D122EC23CE008CBE2B /* Model */,
				601E98D322EC23CF008CBE2B /* View */,
			);
			path = Coffee;
			sourceTree = "<group>";
		};
		601E98D122EC23CE008CBE2B /* Model */ = {
			isa = PBXGroup;
			children = (
			);
			path = Model;
			sourceTree = "<group>";
		};
		601E98D222EC23CF008CBE2B /* Controller */ = {
			isa = PBXGroup;
			children = (
				601E98D422EC23F5008CBE2B /* JSDAddCoffeeItemVC.h */,
				601E98D522EC23F5008CBE2B /* JSDAddCoffeeItemVC.m */,
				601E98D622EC23F5008CBE2B /* JSDAddCoffeeItemVC.xib */,
			);
			path = Controller;
			sourceTree = "<group>";
		};
		601E98D322EC23CF008CBE2B /* View */ = {
			isa = PBXGroup;
			children = (
			);
			path = View;
			sourceTree = "<group>";
		};
		99ECA596A68D06A47FFCEDBF /* Pods */ = {
			isa = PBXGroup;
			children = (
				7F5E24E53A3B4D07A28557E2 /* Pods-JerseyCoffee.debug.xcconfig */,
				2741154BE751079261D2B9F7 /* Pods-JerseyCoffee.release.xcconfig */,
			);
			path = Pods;
			sourceTree = "<group>";
		};
		FF059F6BF10693FA7BB3ACE1 /* Frameworks */ = {
			isa = PBXGroup;
			children = (
				A40335F599FD0E1C7292803F /* libPods-JerseyCoffee.a */,
			);
			name = Frameworks;
			sourceTree = "<group>";
		};
/* End PBXGroup section */

/* Begin PBXNativeTarget section */
		5542BA7C22E5BE0000ADCCAC /* JerseyCoffee */ = {
			isa = PBXNativeTarget;
			buildConfigurationList = 5542BA9322E5BE0100ADCCAC /* Build configuration list for PBXNativeTarget "JerseyCoffee" */;
			buildPhases = (
				C02AB30631D0BB4A6BC2335D /* [CP] Check Pods Manifest.lock */,
				5542BA7922E5BE0000ADCCAC /* Sources */,
				5542BA7A22E5BE0000ADCCAC /* Frameworks */,
				5542BA7B22E5BE0000ADCCAC /* Resources */,
				A612DC1C594793A810590567 /* [CP] Copy Pods Resources */,
			);
			buildRules = (
			);
			dependencies = (
			);
			name = JerseyCoffee;
			productName = JerseyCoffee;
			productReference = 5542BA7D22E5BE0000ADCCAC /* JerseyCoffee.app */;
			productType = "com.apple.product-type.application";
		};
/* End PBXNativeTarget section */

/* Begin PBXProject section */
		5542BA7522E5BE0000ADCCAC /* Project object */ = {
			isa = PBXProject;
			attributes = {
				CLASSPREFIX = JSD;
				LastUpgradeCheck = 1020;
				ORGANIZATIONNAME = jerseyCafe;
				TargetAttributes = {
					5542BA7C22E5BE0000ADCCAC = {
						CreatedOnToolsVersion = 10.2.1;
					};
				};
			};
			buildConfigurationList = 5542BA7822E5BE0000ADCCAC /* Build configuration list for PBXProject "JerseyCoffee" */;
			compatibilityVersion = "Xcode 9.3";
			developmentRegion = en;
			hasScannedForEncodings = 0;
			knownRegions = (
				en,
				Base,
			);
			mainGroup = 5542BA7422E5BE0000ADCCAC;
			productRefGroup = 5542BA7E22E5BE0000ADCCAC /* Products */;
			projectDirPath = "";
			projectRoot = "";
			targets = (
				5542BA7C22E5BE0000ADCCAC /* JerseyCoffee */,
			);
		};
/* End PBXProject section */

/* Begin PBXResourcesBuildPhase section */
		5542BA7B22E5BE0000ADCCAC /* Resources */ = {
			isa = PBXResourcesBuildPhase;
			buildActionMask = 2147483647;
			files = (
				556D4DA822E94A6500E3DBB2 /* JSDMaterialCell.xib in Resources */,
				601E98D822EC23F5008CBE2B /* JSDAddCoffeeItemVC.xib in Resources */,
				55E952E622E98F56008BADB5 /* MaterialData.json in Resources */,
				5542BA8D22E5BE0100ADCCAC /* LaunchScreen.storyboard in Resources */,
				5501257322E7F9FE00835DE4 /* JSDMaterialTextView.xib in Resources */,
				556D4E1122EAC64300E3DBB2 /* cappuccino_coffee.png in Resources */,
				5534DCB322F03844006E8ABB /* AddItem.png in Resources */,
				55BE3CC922E6E16500D28107 /* JSDCoffeeCollectionViewCell.xib in Resources */,
				55E952E122E984AC008BADB5 /* kitTypeData.json in Resources */,
				55E952DC22E95FAE008BADB5 /* coffeeData.json in Resources */,
				5534DCA722F00188006E8ABB /* JSDAddEditKitVC.xib in Resources */,
				556D4E1222EAC64300E3DBB2 /* latte_coffee.png in Resources */,
				556D4E1322EAC64300E3DBB2 /* americano_coffee.png in Resources */,
				5542BA8A22E5BE0100ADCCAC /* Assets.xcassets in Resources */,
				55E952D422E951A5008BADB5 /* JSDKitTypeViewCell.xib in Resources */,
				556D4E1A22EAD00700E3DBB2 /* frenchpress.png in Resources */,
				556D4E2022EADA1500E3DBB2 /* JSDFeedBacksVC.xib in Resources */,
				556D4E1822EAD00700E3DBB2 /* dand.png in Resources */,
				55C2042D22E9B07F00F193E6 /* JSDMaterialDetailVC.xib in Resources */,
				556D4E2C22EAE48800E3DBB2 /* JSDKitTypeStepVC.xib in Resources */,
				601E98CE22E9F282008CBE2B /* JSDCoffeeHistoryVC.xib in Resources */,
				556D4E0F22EAC64300E3DBB2 /* macchiato_coffee.png in Resources */,
				556D4E1022EAC64300E3DBB2 /* mocha_coffee.png in Resources */,
				601E98C522E9EA85008CBE2B /* JSDCollectionViewCell.xib in Resources */,
				5534DCA122EF01AF006E8ABB /* JSDAddEditMaterialVC.xib in Resources */,
				556D4E1922EAD00700E3DBB2 /* siphon.png in Resources */,
				55C2042822E9B05600F193E6 /* JSDCoffeeDetailVC.xib in Resources */,
				5534DCAD22F03621006E8ABB /* selected_photo.png in Resources */,
			);
			runOnlyForDeploymentPostprocessing = 0;
		};
/* End PBXResourcesBuildPhase section */

/* Begin PBXShellScriptBuildPhase section */
		A612DC1C594793A810590567 /* [CP] Copy Pods Resources */ = {
			isa = PBXShellScriptBuildPhase;
			buildActionMask = 2147483647;
			files = (
			);
			inputFileListPaths = (
			);
			inputPaths = (
				"${PODS_ROOT}/Target Support Files/Pods-JerseyCoffee/Pods-JerseyCoffee-resources.sh",
				"${PODS_ROOT}/MaterialComponents/components/ActivityIndicator/src/MaterialActivityIndicator.bundle",
				"${PODS_ROOT}/MaterialComponents/components/AppBar/src/MaterialAppBar.bundle",
				"${PODS_ROOT}/MaterialComponents/components/BottomNavigation/src/MaterialBottomNavigation.bundle",
				"${PODS_ROOT}/MaterialComponents/components/CollectionCells/src/MaterialCollectionCells.bundle",
				"${PODS_ROOT}/MaterialComponents/components/Collections/src/MaterialCollections.bundle",
				"${PODS_ROOT}/MaterialComponents/components/Dialogs/src/MaterialDialogs.bundle",
				"${PODS_ROOT}/MaterialComponents/components/FeatureHighlight/src/MaterialFeatureHighlight.bundle",
				"${PODS_ROOT}/MaterialComponents/components/PageControl/src/MaterialPageControl.bundle",
				"${PODS_ROOT}/MaterialComponents/components/Snackbar/src/MaterialSnackbar.bundle",
				"${PODS_ROOT}/MaterialComponents/components/Tabs/src/MaterialTabs.bundle",
				"${PODS_CONFIGURATION_BUILD_DIR}/MaterialComponents/MaterialIcons_ic_arrow_back.bundle",
				"${PODS_CONFIGURATION_BUILD_DIR}/MaterialComponents/MaterialIcons_ic_check.bundle",
				"${PODS_CONFIGURATION_BUILD_DIR}/MaterialComponents/MaterialIcons_ic_check_circle.bundle",
				"${PODS_CONFIGURATION_BUILD_DIR}/MaterialComponents/MaterialIcons_ic_chevron_right.bundle",
				"${PODS_CONFIGURATION_BUILD_DIR}/MaterialComponents/MaterialIcons_ic_color_lens.bundle",
				"${PODS_CONFIGURATION_BUILD_DIR}/MaterialComponents/MaterialIcons_ic_help_outline.bundle",
				"${PODS_CONFIGURATION_BUILD_DIR}/MaterialComponents/MaterialIcons_ic_info.bundle",
				"${PODS_CONFIGURATION_BUILD_DIR}/MaterialComponents/MaterialIcons_ic_more_horiz.bundle",
				"${PODS_CONFIGURATION_BUILD_DIR}/MaterialComponents/MaterialIcons_ic_radio_button_unchecked.bundle",
				"${PODS_CONFIGURATION_BUILD_DIR}/MaterialComponents/MaterialIcons_ic_reorder.bundle",
				"${PODS_CONFIGURATION_BUILD_DIR}/MaterialComponents/MaterialIcons_ic_settings.bundle",
			);
			name = "[CP] Copy Pods Resources";
			outputFileListPaths = (
			);
			outputPaths = (
				"${TARGET_BUILD_DIR}/${UNLOCALIZED_RESOURCES_FOLDER_PATH}/MaterialActivityIndicator.bundle",
				"${TARGET_BUILD_DIR}/${UNLOCALIZED_RESOURCES_FOLDER_PATH}/MaterialAppBar.bundle",
				"${TARGET_BUILD_DIR}/${UNLOCALIZED_RESOURCES_FOLDER_PATH}/MaterialBottomNavigation.bundle",
				"${TARGET_BUILD_DIR}/${UNLOCALIZED_RESOURCES_FOLDER_PATH}/MaterialCollectionCells.bundle",
				"${TARGET_BUILD_DIR}/${UNLOCALIZED_RESOURCES_FOLDER_PATH}/MaterialCollections.bundle",
				"${TARGET_BUILD_DIR}/${UNLOCALIZED_RESOURCES_FOLDER_PATH}/MaterialDialogs.bundle",
				"${TARGET_BUILD_DIR}/${UNLOCALIZED_RESOURCES_FOLDER_PATH}/MaterialFeatureHighlight.bundle",
				"${TARGET_BUILD_DIR}/${UNLOCALIZED_RESOURCES_FOLDER_PATH}/MaterialPageControl.bundle",
				"${TARGET_BUILD_DIR}/${UNLOCALIZED_RESOURCES_FOLDER_PATH}/MaterialSnackbar.bundle",
				"${TARGET_BUILD_DIR}/${UNLOCALIZED_RESOURCES_FOLDER_PATH}/MaterialTabs.bundle",
				"${TARGET_BUILD_DIR}/${UNLOCALIZED_RESOURCES_FOLDER_PATH}/MaterialIcons_ic_arrow_back.bundle",
				"${TARGET_BUILD_DIR}/${UNLOCALIZED_RESOURCES_FOLDER_PATH}/MaterialIcons_ic_check.bundle",
				"${TARGET_BUILD_DIR}/${UNLOCALIZED_RESOURCES_FOLDER_PATH}/MaterialIcons_ic_check_circle.bundle",
				"${TARGET_BUILD_DIR}/${UNLOCALIZED_RESOURCES_FOLDER_PATH}/MaterialIcons_ic_chevron_right.bundle",
				"${TARGET_BUILD_DIR}/${UNLOCALIZED_RESOURCES_FOLDER_PATH}/MaterialIcons_ic_color_lens.bundle",
				"${TARGET_BUILD_DIR}/${UNLOCALIZED_RESOURCES_FOLDER_PATH}/MaterialIcons_ic_help_outline.bundle",
				"${TARGET_BUILD_DIR}/${UNLOCALIZED_RESOURCES_FOLDER_PATH}/MaterialIcons_ic_info.bundle",
				"${TARGET_BUILD_DIR}/${UNLOCALIZED_RESOURCES_FOLDER_PATH}/MaterialIcons_ic_more_horiz.bundle",
				"${TARGET_BUILD_DIR}/${UNLOCALIZED_RESOURCES_FOLDER_PATH}/MaterialIcons_ic_radio_button_unchecked.bundle",
				"${TARGET_BUILD_DIR}/${UNLOCALIZED_RESOURCES_FOLDER_PATH}/MaterialIcons_ic_reorder.bundle",
				"${TARGET_BUILD_DIR}/${UNLOCALIZED_RESOURCES_FOLDER_PATH}/MaterialIcons_ic_settings.bundle",
			);
			runOnlyForDeploymentPostprocessing = 0;
			shellPath = /bin/sh;
			shellScript = "\"${PODS_ROOT}/Target Support Files/Pods-JerseyCoffee/Pods-JerseyCoffee-resources.sh\"\n";
			showEnvVarsInLog = 0;
		};
		C02AB30631D0BB4A6BC2335D /* [CP] Check Pods Manifest.lock */ = {
			isa = PBXShellScriptBuildPhase;
			buildActionMask = 2147483647;
			files = (
			);
			inputFileListPaths = (
			);
			inputPaths = (
				"${PODS_PODFILE_DIR_PATH}/Podfile.lock",
				"${PODS_ROOT}/Manifest.lock",
			);
			name = "[CP] Check Pods Manifest.lock";
			outputFileListPaths = (
			);
			outputPaths = (
				"$(DERIVED_FILE_DIR)/Pods-JerseyCoffee-checkManifestLockResult.txt",
			);
			runOnlyForDeploymentPostprocessing = 0;
			shellPath = /bin/sh;
			shellScript = "diff \"${PODS_PODFILE_DIR_PATH}/Podfile.lock\" \"${PODS_ROOT}/Manifest.lock\" > /dev/null\nif [ $? != 0 ] ; then\n    # print error to STDERR\n    echo \"error: The sandbox is not in sync with the Podfile.lock. Run 'pod install' or update your CocoaPods installation.\" >&2\n    exit 1\nfi\n# This output is used by Xcode 'outputs' to avoid re-running this script phase.\necho \"SUCCESS\" > \"${SCRIPT_OUTPUT_FILE_0}\"\n";
			showEnvVarsInLog = 0;
		};
/* End PBXShellScriptBuildPhase section */

/* Begin PBXSourcesBuildPhase section */
		5542BA7922E5BE0000ADCCAC /* Sources */ = {
			isa = PBXSourcesBuildPhase;
			buildActionMask = 2147483647;
			files = (
				556D4E0922EAA18C00E3DBB2 /* JSDShowNumberView.m in Sources */,
				5501257122E7F9F400835DE4 /* JSDMaterialTextView.m in Sources */,
				601E98C922E9EA8E008CBE2B /* JSDMyCenterViewModel.m in Sources */,
				55BE3CC022E6B77F00D28107 /* JSDCoffeeVC.m in Sources */,
				601E98CD22E9F282008CBE2B /* JSDCoffeeHistoryVC.m in Sources */,
				601E98C622E9EA85008CBE2B /* JSDCollectionViewCell.m in Sources */,
				55BE3C8E22E6B33900D28107 /* JSDBaseNavigationController.m in Sources */,
				55E952DF22E98474008BADB5 /* JSDKitTypeViewModel.m in Sources */,
				55BE3CC822E6E16500D28107 /* JSDCoffeeCollectionViewCell.m in Sources */,
				601E98DE22EC4D82008CBE2B /* JSDPhotoManage.m in Sources */,
				601E98D722EC23F5008CBE2B /* JSDAddCoffeeItemVC.m in Sources */,
				556D4E1F22EADA1500E3DBB2 /* JSDFeedBacksVC.m in Sources */,
				601E98DB22EC4540008CBE2B /* JSDSelectedNumberView.m in Sources */,
				55BE3CA722E6B5FF00D28107 /* JSDMyCenterVC.m in Sources */,
				556D4E2422EADDD500E3DBB2 /* JSDAboutUSVC.m in Sources */,
				55BE3C8822E6B21A00D28107 /* JSDBaseViewController.m in Sources */,
				55BE3C8B22E6B23000D28107 /* JSDCollectionViewController.m in Sources */,
				55BE3CA422E6B5CD00D28107 /* JSDBaseModel.m in Sources */,
				55E952DA22E95D10008BADB5 /* JSDCoffeeViewModel.m in Sources */,
				55E952D722E958D8008BADB5 /* UIFont+JSDStyle.m in Sources */,
				5542BA9022E5BE0100ADCCAC /* main.m in Sources */,
				5542BA8222E5BE0000ADCCAC /* AppDelegate.m in Sources */,
				55E952E422E98E4D008BADB5 /* JSDMaterialViewModel.m in Sources */,
				55E952D322E951A5008BADB5 /* JSDKitTypeViewCell.m in Sources */,
				55BE3C8522E6AFAE00D28107 /* UIColor+JSDStyle.m in Sources */,
				5534DCA622F00188006E8ABB /* JSDAddEditKitVC.m in Sources */,
				5501256D22E7F2D400835DE4 /* JSDMaterialCell.m in Sources */,
				55C2042722E9B05600F193E6 /* JSDCoffeeDetailVC.m in Sources */,
				55C2042C22E9B07F00F193E6 /* JSDMaterialDetailVC.m in Sources */,
				55BE3CC422E6B7C800D28107 /* JSDTabBarViewController.m in Sources */,
				5534DCA022EF01AF006E8ABB /* JSDAddEditMaterialVC.m in Sources */,
				55BE3CBA22E6B75F00D28107 /* JSDKitTypeVC.m in Sources */,
				556D4E2B22EAE48800E3DBB2 /* JSDKitTypeStepVC.m in Sources */,
				55BE3CBD22E6B77000D28107 /* JSDMaterialVC.m in Sources */,
				55BE3CA122E6B5C300D28107 /* JSDBaseView.m in Sources */,
				556D4E2722EADF6400E3DBB2 /* JSDAbountViewModel.m in Sources */,
			);
			runOnlyForDeploymentPostprocessing = 0;
		};
/* End PBXSourcesBuildPhase section */

/* Begin PBXVariantGroup section */
		5542BA8B22E5BE0100ADCCAC /* LaunchScreen.storyboard */ = {
			isa = PBXVariantGroup;
			children = (
				5542BA8C22E5BE0100ADCCAC /* Base */,
			);
			name = LaunchScreen.storyboard;
			sourceTree = "<group>";
		};
/* End PBXVariantGroup section */

/* Begin XCBuildConfiguration section */
		5542BA9122E5BE0100ADCCAC /* Debug */ = {
			isa = XCBuildConfiguration;
			buildSettings = {
				ALWAYS_SEARCH_USER_PATHS = NO;
				CLANG_ANALYZER_NONNULL = YES;
				CLANG_ANALYZER_NUMBER_OBJECT_CONVERSION = YES_AGGRESSIVE;
				CLANG_CXX_LANGUAGE_STANDARD = "gnu++14";
				CLANG_CXX_LIBRARY = "libc++";
				CLANG_ENABLE_MODULES = YES;
				CLANG_ENABLE_OBJC_ARC = YES;
				CLANG_ENABLE_OBJC_WEAK = YES;
				CLANG_WARN_BLOCK_CAPTURE_AUTORELEASING = YES;
				CLANG_WARN_BOOL_CONVERSION = YES;
				CLANG_WARN_COMMA = YES;
				CLANG_WARN_CONSTANT_CONVERSION = YES;
				CLANG_WARN_DEPRECATED_OBJC_IMPLEMENTATIONS = YES;
				CLANG_WARN_DIRECT_OBJC_ISA_USAGE = YES_ERROR;
				CLANG_WARN_DOCUMENTATION_COMMENTS = YES;
				CLANG_WARN_EMPTY_BODY = YES;
				CLANG_WARN_ENUM_CONVERSION = YES;
				CLANG_WARN_INFINITE_RECURSION = YES;
				CLANG_WARN_INT_CONVERSION = YES;
				CLANG_WARN_NON_LITERAL_NULL_CONVERSION = YES;
				CLANG_WARN_OBJC_IMPLICIT_RETAIN_SELF = YES;
				CLANG_WARN_OBJC_LITERAL_CONVERSION = YES;
				CLANG_WARN_OBJC_ROOT_CLASS = YES_ERROR;
				CLANG_WARN_RANGE_LOOP_ANALYSIS = YES;
				CLANG_WARN_STRICT_PROTOTYPES = YES;
				CLANG_WARN_SUSPICIOUS_MOVE = YES;
				CLANG_WARN_UNGUARDED_AVAILABILITY = YES_AGGRESSIVE;
				CLANG_WARN_UNREACHABLE_CODE = YES;
				CLANG_WARN__DUPLICATE_METHOD_MATCH = YES;
				CODE_SIGN_IDENTITY = "iPhone Developer";
				COPY_PHASE_STRIP = NO;
				DEBUG_INFORMATION_FORMAT = dwarf;
				ENABLE_STRICT_OBJC_MSGSEND = YES;
				ENABLE_TESTABILITY = YES;
				GCC_C_LANGUAGE_STANDARD = gnu11;
				GCC_DYNAMIC_NO_PIC = NO;
				GCC_NO_COMMON_BLOCKS = YES;
				GCC_OPTIMIZATION_LEVEL = 0;
				GCC_PREPROCESSOR_DEFINITIONS = (
					"DEBUG=1",
					"$(inherited)",
				);
				GCC_WARN_64_TO_32_BIT_CONVERSION = YES;
				GCC_WARN_ABOUT_RETURN_TYPE = YES_ERROR;
				GCC_WARN_UNDECLARED_SELECTOR = YES;
				GCC_WARN_UNINITIALIZED_AUTOS = YES_AGGRESSIVE;
				GCC_WARN_UNUSED_FUNCTION = YES;
				GCC_WARN_UNUSED_VARIABLE = YES;
				IPHONEOS_DEPLOYMENT_TARGET = 12.2;
				MTL_ENABLE_DEBUG_INFO = INCLUDE_SOURCE;
				MTL_FAST_MATH = YES;
				ONLY_ACTIVE_ARCH = YES;
				SDKROOT = iphoneos;
			};
			name = Debug;
		};
		5542BA9222E5BE0100ADCCAC /* Release */ = {
			isa = XCBuildConfiguration;
			buildSettings = {
				ALWAYS_SEARCH_USER_PATHS = NO;
				CLANG_ANALYZER_NONNULL = YES;
				CLANG_ANALYZER_NUMBER_OBJECT_CONVERSION = YES_AGGRESSIVE;
				CLANG_CXX_LANGUAGE_STANDARD = "gnu++14";
				CLANG_CXX_LIBRARY = "libc++";
				CLANG_ENABLE_MODULES = YES;
				CLANG_ENABLE_OBJC_ARC = YES;
				CLANG_ENABLE_OBJC_WEAK = YES;
				CLANG_WARN_BLOCK_CAPTURE_AUTORELEASING = YES;
				CLANG_WARN_BOOL_CONVERSION = YES;
				CLANG_WARN_COMMA = YES;
				CLANG_WARN_CONSTANT_CONVERSION = YES;
				CLANG_WARN_DEPRECATED_OBJC_IMPLEMENTATIONS = YES;
				CLANG_WARN_DIRECT_OBJC_ISA_USAGE = YES_ERROR;
				CLANG_WARN_DOCUMENTATION_COMMENTS = YES;
				CLANG_WARN_EMPTY_BODY = YES;
				CLANG_WARN_ENUM_CONVERSION = YES;
				CLANG_WARN_INFINITE_RECURSION = YES;
				CLANG_WARN_INT_CONVERSION = YES;
				CLANG_WARN_NON_LITERAL_NULL_CONVERSION = YES;
				CLANG_WARN_OBJC_IMPLICIT_RETAIN_SELF = YES;
				CLANG_WARN_OBJC_LITERAL_CONVERSION = YES;
				CLANG_WARN_OBJC_ROOT_CLASS = YES_ERROR;
				CLANG_WARN_RANGE_LOOP_ANALYSIS = YES;
				CLANG_WARN_STRICT_PROTOTYPES = YES;
				CLANG_WARN_SUSPICIOUS_MOVE = YES;
				CLANG_WARN_UNGUARDED_AVAILABILITY = YES_AGGRESSIVE;
				CLANG_WARN_UNREACHABLE_CODE = YES;
				CLANG_WARN__DUPLICATE_METHOD_MATCH = YES;
				CODE_SIGN_IDENTITY = "iPhone Developer";
				COPY_PHASE_STRIP = NO;
				DEBUG_INFORMATION_FORMAT = "dwarf-with-dsym";
				ENABLE_NS_ASSERTIONS = NO;
				ENABLE_STRICT_OBJC_MSGSEND = YES;
				GCC_C_LANGUAGE_STANDARD = gnu11;
				GCC_NO_COMMON_BLOCKS = YES;
				GCC_WARN_64_TO_32_BIT_CONVERSION = YES;
				GCC_WARN_ABOUT_RETURN_TYPE = YES_ERROR;
				GCC_WARN_UNDECLARED_SELECTOR = YES;
				GCC_WARN_UNINITIALIZED_AUTOS = YES_AGGRESSIVE;
				GCC_WARN_UNUSED_FUNCTION = YES;
				GCC_WARN_UNUSED_VARIABLE = YES;
				IPHONEOS_DEPLOYMENT_TARGET = 12.2;
				MTL_ENABLE_DEBUG_INFO = NO;
				MTL_FAST_MATH = YES;
				SDKROOT = iphoneos;
				VALIDATE_PRODUCT = YES;
			};
			name = Release;
		};
		5542BA9422E5BE0100ADCCAC /* Debug */ = {
			isa = XCBuildConfiguration;
			baseConfigurationReference = 7F5E24E53A3B4D07A28557E2 /* Pods-JerseyCoffee.debug.xcconfig */;
			buildSettings = {
				ASSETCATALOG_COMPILER_APPICON_NAME = AppIcon;
				CODE_SIGN_STYLE = Automatic;
				DEVELOPMENT_TEAM = 8PB3C9ADKV;
				GCC_PREFIX_HEADER = "$(SRCROOT)/JerseyCoffee/Public/JSDPrefixHeader.pch";
				INFOPLIST_FILE = "$(SRCROOT)/JerseyCoffee/Supporting Files/Info.plist";
				IPHONEOS_DEPLOYMENT_TARGET = 9.0;
				LD_RUNPATH_SEARCH_PATHS = (
					"$(inherited)",
					"@executable_path/Frameworks",
				);
				PRODUCT_BUNDLE_IDENTIFIER = com.zexiCafe.coffeeNote;
				PRODUCT_NAME = "$(TARGET_NAME)";
				TARGETED_DEVICE_FAMILY = 1;
			};
			name = Debug;
		};
		5542BA9522E5BE0100ADCCAC /* Release */ = {
			isa = XCBuildConfiguration;
			baseConfigurationReference = 2741154BE751079261D2B9F7 /* Pods-JerseyCoffee.release.xcconfig */;
			buildSettings = {
				ASSETCATALOG_COMPILER_APPICON_NAME = AppIcon;
				CODE_SIGN_STYLE = Automatic;
				DEVELOPMENT_TEAM = 8PB3C9ADKV;
				GCC_PREFIX_HEADER = "$(SRCROOT)/JerseyCoffee/Public/JSDPrefixHeader.pch";
				INFOPLIST_FILE = "$(SRCROOT)/JerseyCoffee/Supporting Files/Info.plist";
				IPHONEOS_DEPLOYMENT_TARGET = 9.0;
				LD_RUNPATH_SEARCH_PATHS = (
					"$(inherited)",
					"@executable_path/Frameworks",
				);
				PRODUCT_BUNDLE_IDENTIFIER = com.zexiCafe.coffeeNote;
				PRODUCT_NAME = "$(TARGET_NAME)";
				TARGETED_DEVICE_FAMILY = 1;
			};
			name = Release;
		};
/* End XCBuildConfiguration section */

/* Begin XCConfigurationList section */
		5542BA7822E5BE0000ADCCAC /* Build configuration list for PBXProject "JerseyCoffee" */ = {
			isa = XCConfigurationList;
			buildConfigurations = (
				5542BA9122E5BE0100ADCCAC /* Debug */,
				5542BA9222E5BE0100ADCCAC /* Release */,
			);
			defaultConfigurationIsVisible = 0;
			defaultConfigurationName = Release;
		};
		5542BA9322E5BE0100ADCCAC /* Build configuration list for PBXNativeTarget "JerseyCoffee" */ = {
			isa = XCConfigurationList;
			buildConfigurations = (
				5542BA9422E5BE0100ADCCAC /* Debug */,
				5542BA9522E5BE0100ADCCAC /* Release */,
			);
			defaultConfigurationIsVisible = 0;
			defaultConfigurationName = Release;
		};
/* End XCConfigurationList section */
	};
	rootObject = 5542BA7522E5BE0000ADCCAC /* Project object */;
}
